// !$*UTF8*$!
{
	archiveVersion = 1;
	classes = {
	};
	objectVersion = 46;
	objects = {

/* Begin PBXBuildFile section */
		14E12E093D3037424280E220 /* libPods.a in Frameworks */ = {isa = PBXBuildFile; fileRef = 1C36D79A7B9AF7ACF31B0693 /* libPods.a */; };
		55C204801B761CED005DDA6E /* MKDModel.m in Sources */ = {isa = PBXBuildFile; fileRef = 55C2047F1B761CED005DDA6E /* MKDModel.m */; };
		55D1DB231B739E2D00BC8521 /* main.m in Sources */ = {isa = PBXBuildFile; fileRef = 55D1DB221B739E2D00BC8521 /* main.m */; };
		55D1DB261B739E2D00BC8521 /* AppDelegate.m in Sources */ = {isa = PBXBuildFile; fileRef = 55D1DB251B739E2D00BC8521 /* AppDelegate.m */; };
		55D1DB291B739E2D00BC8521 /* ViewController.m in Sources */ = {isa = PBXBuildFile; fileRef = 55D1DB281B739E2D00BC8521 /* ViewController.m */; };
		55D1DB2C1B739E2D00BC8521 /* Main.storyboard in Resources */ = {isa = PBXBuildFile; fileRef = 55D1DB2A1B739E2D00BC8521 /* Main.storyboard */; };
		55D1DB2E1B739E2D00BC8521 /* Assets.xcassets in Resources */ = {isa = PBXBuildFile; fileRef = 55D1DB2D1B739E2D00BC8521 /* Assets.xcassets */; };
/* End PBXBuildFile section */

/* Begin PBXFileReference section */
		1C36D79A7B9AF7ACF31B0693 /* libPods.a */ = {isa = PBXFileReference; explicitFileType = archive.ar; includeInIndex = 0; path = libPods.a; sourceTree = BUILT_PRODUCTS_DIR; };
		55C2047E1B761CED005DDA6E /* MKDModel.h */ = {isa = PBXFileReference; fileEncoding = 4; lastKnownFileType = sourcecode.c.h; name = MKDModel.h; path = MapKitDemo/MKDModel.h; sourceTree = "<group>"; };
		55C2047F1B761CED005DDA6E /* MKDModel.m */ = {isa = PBXFileReference; fileEncoding = 4; lastKnownFileType = sourcecode.c.objc; name = MKDModel.m; path = MapKitDemo/MKDModel.m; sourceTree = "<group>"; };
		55D1DB1E1B739E2D00BC8521 /* MapKitDemo.app */ = {isa = PBXFileReference; explicitFileType = wrapper.application; includeInIndex = 0; path = MapKitDemo.app; sourceTree = BUILT_PRODUCTS_DIR; };
		55D1DB221B739E2D00BC8521 /* main.m */ = {isa = PBXFileReference; lastKnownFileType = sourcecode.c.objc; path = main.m; sourceTree = "<group>"; };
		55D1DB241B739E2D00BC8521 /* AppDelegate.h */ = {isa = PBXFileReference; lastKnownFileType = sourcecode.c.h; path = AppDelegate.h; sourceTree = "<group>"; };
		55D1DB251B739E2D00BC8521 /* AppDelegate.m */ = {isa = PBXFileReference; lastKnownFileType = sourcecode.c.objc; path = AppDelegate.m; sourceTree = "<group>"; };
		55D1DB271B739E2D00BC8521 /* ViewController.h */ = {isa = PBXFileReference; lastKnownFileType = sourcecode.c.h; path = ViewController.h; sourceTree = "<group>"; };
		55D1DB281B739E2D00BC8521 /* ViewController.m */ = {isa = PBXFileReference; lastKnownFileType = sourcecode.c.objc; path = ViewController.m; sourceTree = "<group>"; };
		55D1DB2B1B739E2D00BC8521 /* Base */ = {isa = PBXFileReference; lastKnownFileType = file.storyboard; name = Base; path = Base.lproj/Main.storyboard; sourceTree = "<group>"; };
		55D1DB2D1B739E2D00BC8521 /* Assets.xcassets */ = {isa = PBXFileReference; lastKnownFileType = folder.assetcatalog; path = Assets.xcassets; sourceTree = "<group>"; };
		55D1DB321B739E2D00BC8521 /* Info.plist */ = {isa = PBXFileReference; lastKnownFileType = text.plist.xml; path = Info.plist; sourceTree = "<group>"; };
		71A75DC8E7D22F795644B255 /* Pods.debug.xcconfig */ = {isa = PBXFileReference; includeInIndex = 1; lastKnownFileType = text.xcconfig; name = Pods.debug.xcconfig; path = "Pods/Target Support Files/Pods/Pods.debug.xcconfig"; sourceTree = "<group>"; };
		7ADF5920A2530AC85C7FED86 /* Pods.release.xcconfig */ = {isa = PBXFileReference; includeInIndex = 1; lastKnownFileType = text.xcconfig; name = Pods.release.xcconfig; path = "Pods/Target Support Files/Pods/Pods.release.xcconfig"; sourceTree = "<group>"; };
/* End PBXFileReference section */

/* Begin PBXFrameworksBuildPhase section */
		55D1DB1B1B739E2D00BC8521 /* Frameworks */ = {
			isa = PBXFrameworksBuildPhase;
			buildActionMask = 2147483647;
			files = (
				14E12E093D3037424280E220 /* libPods.a in Frameworks */,
			);
			runOnlyForDeploymentPostprocessing = 0;
		};
/* End PBXFrameworksBuildPhase section */

/* Begin PBXGroup section */
		55C204811B761CF4005DDA6E /* Model */ = {
			isa = PBXGroup;
			children = (
				55C2047E1B761CED005DDA6E /* MKDModel.h */,
				55C2047F1B761CED005DDA6E /* MKDModel.m */,
			);
			name = Model;
			sourceTree = "<group>";
		};
		55D1DB151B739E2D00BC8521 = {
			isa = PBXGroup;
			children = (
				55C204811B761CF4005DDA6E /* Model */,
				55D1DB201B739E2D00BC8521 /* MapKitDemo */,
				55D1DB1F1B739E2D00BC8521 /* Products */,
				8D0F16606B91D5ADE46570E8 /* Pods */,
				B99A3CED831DC6D738CAC846 /* Frameworks */,
			);
			sourceTree = "<group>";
		};
		55D1DB1F1B739E2D00BC8521 /* Products */ = {
			isa = PBXGroup;
			children = (
				55D1DB1E1B739E2D00BC8521 /* MapKitDemo.app */,
			);
			name = Products;
			sourceTree = "<group>";
		};
		55D1DB201B739E2D00BC8521 /* MapKitDemo */ = {
			isa = PBXGroup;
			children = (
				55D1DB241B739E2D00BC8521 /* AppDelegate.h */,
				55D1DB251B739E2D00BC8521 /* AppDelegate.m */,
				55D1DB271B739E2D00BC8521 /* ViewController.h */,
				55D1DB281B739E2D00BC8521 /* ViewController.m */,
				55D1DB2A1B739E2D00BC8521 /* Main.storyboard */,
				55D1DB2D1B739E2D00BC8521 /* Assets.xcassets */,
				55D1DB321B739E2D00BC8521 /* Info.plist */,
				55D1DB211B739E2D00BC8521 /* Supporting Files */,
			);
			path = MapKitDemo;
			sourceTree = "<group>";
		};
		55D1DB211B739E2D00BC8521 /* Supporting Files */ = {
			isa = PBXGroup;
			children = (
				55D1DB221B739E2D00BC8521 /* main.m */,
			);
			name = "Supporting Files";
			sourceTree = "<group>";
		};
		8D0F16606B91D5ADE46570E8 /* Pods */ = {
			isa = PBXGroup;
			children = (
				71A75DC8E7D22F795644B255 /* Pods.debug.xcconfig */,
				7ADF5920A2530AC85C7FED86 /* Pods.release.xcconfig */,
			);
			name = Pods;
			sourceTree = "<group>";
		};
		B99A3CED831DC6D738CAC846 /* Frameworks */ = {
			isa = PBXGroup;
			children = (
				1C36D79A7B9AF7ACF31B0693 /* libPods.a */,
			);
			name = Frameworks;
			sourceTree = "<group>";
		};
/* End PBXGroup section */

/* Begin PBXNativeTarget section */
		55D1DB1D1B739E2D00BC8521 /* MapKitDemo */ = {
			isa = PBXNativeTarget;
			buildConfigurationList = 55D1DB351B739E2D00BC8521 /* Build configuration list for PBXNativeTarget "MapKitDemo" */;
			buildPhases = (
				CE314688C3A936566357FACC /* Check Pods Manifest.lock */,
				55D1DB1A1B739E2D00BC8521 /* Sources */,
				55D1DB1B1B739E2D00BC8521 /* Frameworks */,
				55D1DB1C1B739E2D00BC8521 /* Resources */,
				8F0FE1087264A608259D6D12 /* Copy Pods Resources */,
			);
			buildRules = (
			);
			dependencies = (
			);
			name = MapKitDemo;
			productName = MapKitDemo;
			productReference = 55D1DB1E1B739E2D00BC8521 /* MapKitDemo.app */;
			productType = "com.apple.product-type.application";
		};
/* End PBXNativeTarget section */

/* Begin PBXProject section */
		55D1DB161B739E2D00BC8521 /* Project object */ = {
			isa = PBXProject;
			attributes = {
				LastUpgradeCheck = 0700;
				ORGANIZATIONNAME = "王 泽宇";
				TargetAttributes = {
					55D1DB1D1B739E2D00BC8521 = {
						CreatedOnToolsVersion = 7.0;
					};
				};
			};
			buildConfigurationList = 55D1DB191B739E2D00BC8521 /* Build configuration list for PBXProject "MapKitDemo" */;
			compatibilityVersion = "Xcode 3.2";
			developmentRegion = English;
			hasScannedForEncodings = 0;
			knownRegions = (
				en,
				Base,
			);
			mainGroup = 55D1DB151B739E2D00BC8521;
			productRefGroup = 55D1DB1F1B739E2D00BC8521 /* Products */;
			projectDirPath = "";
			projectRoot = "";
			targets = (
				55D1DB1D1B739E2D00BC8521 /* MapKitDemo */,
			);
		};
/* End PBXProject section */

/* Begin PBXResourcesBuildPhase section */
		55D1DB1C1B739E2D00BC8521 /* Resources */ = {
			isa = PBXResourcesBuildPhase;
			buildActionMask = 2147483647;
			files = (
				55D1DB2E1B739E2D00BC8521 /* Assets.xcassets in Resources */,
				55D1DB2C1B739E2D00BC8521 /* Main.storyboard in Resources */,
			);
			runOnlyForDeploymentPostprocessing = 0;
		};
/* End PBXResourcesBuildPhase section */

/* Begin PBXShellScriptBuildPhase section */
		8F0FE1087264A608259D6D12 /* Copy Pods Resources */ = {
			isa = PBXShellScriptBuildPhase;
			buildActionMask = 2147483647;
			files = (
			);
			inputPaths = (
			);
			name = "Copy Pods Resources";
			outputPaths = (
			);
			runOnlyForDeploymentPostprocessing = 0;
			shellPath = /bin/sh;
			shellScript = "\"${SRCROOT}/Pods/Target Support Files/Pods/Pods-resources.sh\"\n";
			showEnvVarsInLog = 0;
		};
		CE314688C3A936566357FACC /* Check Pods Manifest.lock */ = {
			isa = PBXShellScriptBuildPhase;
			buildActionMask = 2147483647;
			files = (
			);
			inputPaths = (
			);
			name = "Check Pods Manifest.lock";
			outputPaths = (
			);
			runOnlyForDeploymentPostprocessing = 0;
			shellPath = /bin/sh;
			shellScript = "diff \"${PODS_ROOT}/../Podfile.lock\" \"${PODS_ROOT}/Manifest.lock\" > /dev/null\nif [[ $? != 0 ]] ; then\n    cat << EOM\nerror: The sandbox is not in sync with the Podfile.lock. Run 'pod install' or update your CocoaPods installation.\nEOM\n    exit 1\nfi\n";
			showEnvVarsInLog = 0;
		};
/* End PBXShellScriptBuildPhase section */

/* Begin PBXSourcesBuildPhase section */
		55D1DB1A1B739E2D00BC8521 /* Sources */ = {
			isa = PBXSourcesBuildPhase;
			buildActionMask = 2147483647;
			files = (
				55D1DB291B739E2D00BC8521 /* ViewController.m in Sources */,
				55D1DB261B739E2D00BC8521 /* AppDelegate.m in Sources */,
				55C204801B761CED005DDA6E /* MKDModel.m in Sources */,
				55D1DB231B739E2D00BC8521 /* main.m in Sources */,
			);
			runOnlyForDeploymentPostprocessing = 0;
		};
/* End PBXSourcesBuildPhase section */

/* Begin PBXVariantGroup section */
		55D1DB2A1B739E2D00BC8521 /* Main.storyboard */ = {
			isa = PBXVariantGroup;
			children = (
				55D1DB2B1B739E2D00BC8521 /* Base */,
			);
			name = Main.storyboard;
			sourceTree = "<group>";
		};
/* End PBXVariantGroup section */

/* Begin XCBuildConfiguration section */
		55D1DB331B739E2D00BC8521 /* Debug */ = {
			isa = XCBuildConfiguration;
			buildSettings = {
				ALWAYS_SEARCH_USER_PATHS = NO;
				CLANG_CXX_LANGUAGE_STANDARD = "gnu++0x";
				CLANG_CXX_LIBRARY = "libc++";
				CLANG_ENABLE_MODULES = YES;
				CLANG_ENABLE_OBJC_ARC = YES;
				CLANG_WARN_BOOL_CONVERSION = YES;
				CLANG_WARN_CONSTANT_CONVERSION = YES;
				CLANG_WARN_DIRECT_OBJC_ISA_USAGE = YES_ERROR;
				CLANG_WARN_EMPTY_BODY = YES;
				CLANG_WARN_ENUM_CONVERSION = YES;
				CLANG_WARN_INT_CONVERSION = YES;
				CLANG_WARN_OBJC_ROOT_CLASS = YES_ERROR;
				CLANG_WARN_UNREACHABLE_CODE = YES;
				CLANG_WARN__DUPLICATE_METHOD_MATCH = YES;
				"CODE_SIGN_IDENTITY[sdk=iphoneos*]" = "iPhone Developer";
				COPY_PHASE_STRIP = NO;
				DEBUG_INFORMATION_FORMAT = dwarf;
				ENABLE_STRICT_OBJC_MSGSEND = YES;
				ENABLE_TESTABILITY = YES;
				GCC_C_LANGUAGE_STANDARD = gnu99;
				GCC_DYNAMIC_NO_PIC = NO;
				GCC_NO_COMMON_BLOCKS = YES;
				GCC_OPTIMIZATION_LEVEL = 0;
				GCC_PREPROCESSOR_DEFINITIONS = (
					"DEBUG=1",
					"$(inherited)",
				);
				GCC_WARN_64_TO_32_BIT_CONVERSION = YES;
				GCC_WARN_ABOUT_RETURN_TYPE = YES_ERROR;
				GCC_WARN_UNDECLARED_SELECTOR = YES;
				GCC_WARN_UNINITIALIZED_AUTOS = YES_AGGRESSIVE;
				GCC_WARN_UNUSED_FUNCTION = YES;
				GCC_WARN_UNUSED_VARIABLE = YES;
				IPHONEOS_DEPLOYMENT_TARGET = 9.0;
				MTL_ENABLE_DEBUG_INFO = YES;
				ONLY_ACTIVE_ARCH = YES;
				SDKROOT = iphoneos;
			};
			name = Debug;
		};
		55D1DB341B739E2D00BC8521 /* Release */ = {
			isa = XCBuildConfiguration;
			buildSettings = {
				ALWAYS_SEARCH_USER_PATHS = NO;
				CLANG_CXX_LANGUAGE_STANDARD = "gnu++0x";
				CLANG_CXX_LIBRARY = "libc++";
				CLANG_ENABLE_MODULES = YES;
				CLANG_ENABLE_OBJC_ARC = YES;
				CLANG_WARN_BOOL_CONVERSION = YES;
				CLANG_WARN_CONSTANT_CONVERSION = YES;
				CLANG_WARN_DIRECT_OBJC_ISA_USAGE = YES_ERROR;
				CLANG_WARN_EMPTY_BODY = YES;
				CLANG_WARN_ENUM_CONVERSION = YES;
				CLANG_WARN_INT_CONVERSION = YES;
				CLANG_WARN_OBJC_ROOT_CLASS = YES_ERROR;
				CLANG_WARN_UNREACHABLE_CODE = YES;
				CLANG_WARN__DUPLICATE_METHOD_MATCH = YES;
				"CODE_SIGN_IDENTITY[sdk=iphoneos*]" = "iPhone Developer";
				COPY_PHASE_STRIP = NO;
				DEBUG_INFORMATION_FORMAT = "dwarf-with-dsym";
				ENABLE_NS_ASSERTIONS = NO;
				ENABLE_STRICT_OBJC_MSGSEND = YES;
				GCC_C_LANGUAGE_STANDARD = gnu99;
				GCC_NO_COMMON_BLOCKS = YES;
				GCC_WARN_64_TO_32_BIT_CONVERSION = YES;
				GCC_WARN_ABOUT_RETURN_TYPE = YES_ERROR;
				GCC_WARN_UNDECLARED_SELECTOR = YES;
				GCC_WARN_UNINITIALIZED_AUTOS = YES_AGGRESSIVE;
				GCC_WARN_UNUSED_FUNCTION = YES;
				GCC_WARN_UNUSED_VARIABLE = YES;
				IPHONEOS_DEPLOYMENT_TARGET = 9.0;
				MTL_ENABLE_DEBUG_INFO = NO;
				SDKROOT = iphoneos;
				VALIDATE_PRODUCT = YES;
			};
			name = Release;
		};
		55D1DB361B739E2D00BC8521 /* Debug */ = {
			isa = XCBuildConfiguration;
			baseConfigurationReference = 71A75DC8E7D22F795644B255 /* Pods.debug.xcconfig */;
			buildSettings = {
				ASSETCATALOG_COMPILER_APPICON_NAME = AppIcon;
				INFOPLIST_FILE = MapKitDemo/Info.plist;
				LD_RUNPATH_SEARCH_PATHS = "$(inherited) @executable_path/Frameworks";
				PRODUCT_BUNDLE_IDENTIFIER = TJSSEWzy.MapKitDemo;
				PRODUCT_NAME = "$(TARGET_NAME)";
			};
			name = Debug;
		};
		55D1DB371B739E2D00BC8521 /* Release */ = {
			isa = XCBuildConfiguration;
			baseConfigurationReference = 7ADF5920A2530AC85C7FED86 /* Pods.release.xcconfig */;
			buildSettings = {
				ASSETCATALOG_COMPILER_APPICON_NAME = AppIcon;
				INFOPLIST_FILE = MapKitDemo/Info.plist;
				LD_RUNPATH_SEARCH_PATHS = "$(inherited) @executable_path/Frameworks";
				PRODUCT_BUNDLE_IDENTIFIER = TJSSEWzy.MapKitDemo;
				PRODUCT_NAME = "$(TARGET_NAME)";
			};
			name = Release;
		};
/* End XCBuildConfiguration section */

/* Begin XCConfigurationList section */
		55D1DB191B739E2D00BC8521 /* Build configuration list for PBXProject "MapKitDemo" */ = {
			isa = XCConfigurationList;
			buildConfigurations = (
				55D1DB331B739E2D00BC8521 /* Debug */,
				55D1DB341B739E2D00BC8521 /* Release */,
			);
			defaultConfigurationIsVisible = 0;
			defaultConfigurationName = Release;
		};
		55D1DB351B739E2D00BC8521 /* Build configuration list for PBXNativeTarget "MapKitDemo" */ = {
			isa = XCConfigurationList;
			buildConfigurations = (
				55D1DB361B739E2D00BC8521 /* Debug */,
				55D1DB371B739E2D00BC8521 /* Release */,
			);
			defaultConfigurationIsVisible = 0;
			defaultConfigurationName = Release;
		};
/* End XCConfigurationList section */
	};
	rootObject = 55D1DB161B739E2D00BC8521 /* Project object */;
}
